
Microsoft Visual Studio Solution File, Format Version 12.00
# Visual Studio Version 17
VisualStudioVersion = 17.5.33530.505
MinimumVisualStudioVersion = 10.0.40219.1
Project("{FAE04EC0-301F-11D3-BF4B-00C04F79EFBC}") = "ProductGrpc", "ProductGrpc\ProductGrpc.csproj", "{27547D42-D3FF-4438-B18D-2161513F72B3}"
EndProject
Project("{FAE04EC0-301F-11D3-BF4B-00C04F79EFBC}") = "ProductGrpcClient", "ProductGrpcClient\ProductGrpcClient.csproj", "{423E6E40-625B-4FD0-B6E9-E266FDE935B1}"
EndProject
Project("{FAE04EC0-301F-11D3-BF4B-00C04F79EFBC}") = "ProductWorkerService", "ProductWorkerService\ProductWorkerService.csproj", "{BAFCFAEF-A0F2-490E-B376-10B7E969F16B}"
EndProject
Global
	GlobalSection(SolutionConfigurationPlatforms) = preSolution
		Debug|Any CPU = Debug|Any CPU
		Release|Any CPU = Release|Any CPU
	EndGlobalSection
	GlobalSection(ProjectConfigurationPlatforms) = postSolution
		{27547D42-D3FF-4438-B18D-2161513F72B3}.Debug|Any CPU.ActiveCfg = Debug|Any CPU
		{27547D42-D3FF-4438-B18D-2161513F72B3}.Debug|Any CPU.Build.0 = Debug|Any CPU
		{27547D42-D3FF-4438-B18D-2161513F72B3}.Release|Any CPU.ActiveCfg = Release|Any CPU
		{27547D42-D3FF-4438-B18D-2161513F72B3}.Release|Any CPU.Build.0 = Release|Any CPU
		{423E6E40-625B-4FD0-B6E9-E266FDE935B1}.Debug|Any CPU.ActiveCfg = Debug|Any CPU
		{423E6E40-625B-4FD0-B6E9-E266FDE935B1}.Debug|Any CPU.Build.0 = Debug|Any CPU
		{423E6E40-625B-4FD0-B6E9-E266FDE935B1}.Release|Any CPU.ActiveCfg = Release|Any CPU
		{423E6E40-625B-4FD0-B6E9-E266FDE935B1}.Release|Any CPU.Build.0 = Release|Any CPU
		{BAFCFAEF-A0F2-490E-B376-10B7E969F16B}.Debug|Any CPU.ActiveCfg = Debug|Any CPU
		{BAFCFAEF-A0F2-490E-B376-10B7E969F16B}.Debug|Any CPU.Build.0 = Debug|Any CPU
		{BAFCFAEF-A0F2-490E-B376-10B7E969F16B}.Release|Any CPU.ActiveCfg = Release|Any CPU
		{BAFCFAEF-A0F2-490E-B376-10B7E969F16B}.Release|Any CPU.Build.0 = Release|Any CPU
	EndGlobalSection
	GlobalSection(SolutionProperties) = preSolution
		HideSolutionNode = FALSE
	EndGlobalSection
	GlobalSection(ExtensibilityGlobals) = postSolution
		SolutionGuid = {3E488188-B987-4030-BA99-F2131F54A470}
	EndGlobalSection
EndGlobal
