
Microsoft Visual Studio Solution File, Format Version 12.00
# Visual Studio Version 17
VisualStudioVersion = 17.5.33530.505
MinimumVisualStudioVersion = 10.0.40219.1
Project("{FAE04EC0-301F-11D3-BF4B-00C04F79EFBC}") = "ProductGrpc", "ProductGrpc\ProductGrpc.csproj", "{27547D42-D3FF-4438-B18D-2161513F72B3}"
EndProject
Project("{FAE04EC0-301F-11D3-BF4B-00C04F79EFBC}") = "ProductGrpcClient", "ProductGrpcClient\ProductGrpcClient.csproj", "{423E6E40-625B-4FD0-B6E9-E266FDE935B1}"
EndProject
Project("{FAE04EC0-301F-11D3-BF4B-00C04F79EFBC}") = "ProductWorkerService", "ProductWorkerService\ProductWorkerService.csproj", "{BAFCFAEF-A0F2-490E-B376-10B7E969F16B}"
EndProject
Project("{2150E333-8FDC-42A3-9474-1A3956D46DE8}") = "Solution Items", "Solution Items", "{FDABA58B-12B5-480F-A283-C50F852CC5E6}"
	ProjectSection(SolutionItems) = preProject
		docker-compose.yml = docker-compose.yml
	EndProjectSection
EndProject
Project("{2150E333-8FDC-42A3-9474-1A3956D46DE8}") = "ShoppingCart", "ShoppingCart", "{9381C651-185C-41E4-BBAE-E116A72A5F77}"
EndProject
Project("{2150E333-8FDC-42A3-9474-1A3956D46DE8}") = "Products", "Products", "{8778EDF5-7BCE-496D-A20B-218BF9F19885}"
EndProject
Project("{FAE04EC0-301F-11D3-BF4B-00C04F79EFBC}") = "ShoppingCartGrpc", "ShoppingCartGrpc\ShoppingCartGrpc.csproj", "{E4E78BD7-4C94-4673-8EA2-DC28AAB8508F}"
EndProject
Project("{2150E333-8FDC-42A3-9474-1A3956D46DE8}") = "Discount", "Discount", "{5E28EE18-5020-4AA8-B39B-F20C76D7D4B4}"
EndProject
Project("{FAE04EC0-301F-11D3-BF4B-00C04F79EFBC}") = "DiscountGrpc", "DiscountGrpc\DiscountGrpc.csproj", "{DEB70256-7CA4-4ABF-A0FE-E9734DD3710B}"
EndProject
Project("{FAE04EC0-301F-11D3-BF4B-00C04F79EFBC}") = "ShoppingCartWorkService", "ShoppingCartWorkService\ShoppingCartWorkService.csproj", "{395D4659-FC10-47D2-A665-90272B55322A}"
EndProject
Project("{2150E333-8FDC-42A3-9474-1A3956D46DE8}") = "Authentication", "Authentication", "{6DA17533-512E-41CE-AD77-9192F51AA7B3}"
EndProject
Project("{FAE04EC0-301F-11D3-BF4B-00C04F79EFBC}") = "IdentityServer", "IdentityServer\IdentityServer.csproj", "{46FFB306-FF5B-4BAC-950F-6D35850E0CE9}"
EndProject
Global
	GlobalSection(SolutionConfigurationPlatforms) = preSolution
		Debug|Any CPU = Debug|Any CPU
		Release|Any CPU = Release|Any CPU
	EndGlobalSection
	GlobalSection(ProjectConfigurationPlatforms) = postSolution
		{27547D42-D3FF-4438-B18D-2161513F72B3}.Debug|Any CPU.ActiveCfg = Debug|Any CPU
		{27547D42-D3FF-4438-B18D-2161513F72B3}.Debug|Any CPU.Build.0 = Debug|Any CPU
		{27547D42-D3FF-4438-B18D-2161513F72B3}.Release|Any CPU.ActiveCfg = Release|Any CPU
		{27547D42-D3FF-4438-B18D-2161513F72B3}.Release|Any CPU.Build.0 = Release|Any CPU
		{423E6E40-625B-4FD0-B6E9-E266FDE935B1}.Debug|Any CPU.ActiveCfg = Debug|Any CPU
		{423E6E40-625B-4FD0-B6E9-E266FDE935B1}.Debug|Any CPU.Build.0 = Debug|Any CPU
		{423E6E40-625B-4FD0-B6E9-E266FDE935B1}.Release|Any CPU.ActiveCfg = Release|Any CPU
		{423E6E40-625B-4FD0-B6E9-E266FDE935B1}.Release|Any CPU.Build.0 = Release|Any CPU
		{BAFCFAEF-A0F2-490E-B376-10B7E969F16B}.Debug|Any CPU.ActiveCfg = Debug|Any CPU
		{BAFCFAEF-A0F2-490E-B376-10B7E969F16B}.Debug|Any CPU.Build.0 = Debug|Any CPU
		{BAFCFAEF-A0F2-490E-B376-10B7E969F16B}.Release|Any CPU.ActiveCfg = Release|Any CPU
		{BAFCFAEF-A0F2-490E-B376-10B7E969F16B}.Release|Any CPU.Build.0 = Release|Any CPU
		{E4E78BD7-4C94-4673-8EA2-DC28AAB8508F}.Debug|Any CPU.ActiveCfg = Debug|Any CPU
		{E4E78BD7-4C94-4673-8EA2-DC28AAB8508F}.Debug|Any CPU.Build.0 = Debug|Any CPU
		{E4E78BD7-4C94-4673-8EA2-DC28AAB8508F}.Release|Any CPU.ActiveCfg = Release|Any CPU
		{E4E78BD7-4C94-4673-8EA2-DC28AAB8508F}.Release|Any CPU.Build.0 = Release|Any CPU
		{DEB70256-7CA4-4ABF-A0FE-E9734DD3710B}.Debug|Any CPU.ActiveCfg = Debug|Any CPU
		{DEB70256-7CA4-4ABF-A0FE-E9734DD3710B}.Debug|Any CPU.Build.0 = Debug|Any CPU
		{DEB70256-7CA4-4ABF-A0FE-E9734DD3710B}.Release|Any CPU.ActiveCfg = Release|Any CPU
		{DEB70256-7CA4-4ABF-A0FE-E9734DD3710B}.Release|Any CPU.Build.0 = Release|Any CPU
		{395D4659-FC10-47D2-A665-90272B55322A}.Debug|Any CPU.ActiveCfg = Debug|Any CPU
		{395D4659-FC10-47D2-A665-90272B55322A}.Debug|Any CPU.Build.0 = Debug|Any CPU
		{395D4659-FC10-47D2-A665-90272B55322A}.Release|Any CPU.ActiveCfg = Release|Any CPU
		{395D4659-FC10-47D2-A665-90272B55322A}.Release|Any CPU.Build.0 = Release|Any CPU
		{46FFB306-FF5B-4BAC-950F-6D35850E0CE9}.Debug|Any CPU.ActiveCfg = Debug|Any CPU
		{46FFB306-FF5B-4BAC-950F-6D35850E0CE9}.Debug|Any CPU.Build.0 = Debug|Any CPU
		{46FFB306-FF5B-4BAC-950F-6D35850E0CE9}.Release|Any CPU.ActiveCfg = Release|Any CPU
		{46FFB306-FF5B-4BAC-950F-6D35850E0CE9}.Release|Any CPU.Build.0 = Release|Any CPU
	EndGlobalSection
	GlobalSection(SolutionProperties) = preSolution
		HideSolutionNode = FALSE
	EndGlobalSection
	GlobalSection(ExtensibilityGlobals) = postSolution
		SolutionGuid = {3E488188-B987-4030-BA99-F2131F54A470}
	EndGlobalSection
	GlobalSection(NestedProjects) = preSolution
		{27547D42-D3FF-4438-B18D-2161513F72B3} = {8778EDF5-7BCE-496D-A20B-218BF9F19885}
		{423E6E40-625B-4FD0-B6E9-E266FDE935B1} = {8778EDF5-7BCE-496D-A20B-218BF9F19885}
		{BAFCFAEF-A0F2-490E-B376-10B7E969F16B} = {8778EDF5-7BCE-496D-A20B-218BF9F19885}
		{E4E78BD7-4C94-4673-8EA2-DC28AAB8508F} = {9381C651-185C-41E4-BBAE-E116A72A5F77}
		{DEB70256-7CA4-4ABF-A0FE-E9734DD3710B} = {5E28EE18-5020-4AA8-B39B-F20C76D7D4B4}
		{395D4659-FC10-47D2-A665-90272B55322A} = {9381C651-185C-41E4-BBAE-E116A72A5F77}
		{46FFB306-FF5B-4BAC-950F-6D35850E0CE9} = {6DA17533-512E-41CE-AD77-9192F51AA7B3}
	EndGlobalSection
EndGlobal
